{
  "originHash" : "8087c731d4fbeaa1d6b877d2b95f8b016216a15651a71dfe5efb824a7a5ed88b",
  "pins" : [
    {
      "identity" : "fluidaudio",
      "kind" : "remoteSourceControl",
      "location" : "https://github.com/FluidInference/FluidAudio",
      "state" : {
        "revision" : "b9d43724cbdb5a980e441fd54180964e94d470f7",
        "version" : "0.15.4"
      }
    },
    {
      "identity" : "sparkle",
      "kind" : "remoteSourceControl",
      "location" : "https://github.com/sparkle-project/Sparkle",
      "state" : {
        "revision" : "d46d456107feacc80711b21847b82b07bd9fb46e",
        "version" : "2.9.3"
      }
    }
  ],
  "version" : 3
}
